PODS:
  - Audiobus (3.0.9.1)
  - AudioKit (4.9.2):
    - AudioKit/Core (= 4.9.2)
    - AudioKit/UI (= 4.9.2)
  - AudioKit/Core (4.9.2)
  - AudioKit/UI (4.9.2):
    - AudioKit/Core

DEPENDENCIES:
  - Audiobus
  - AudioKit

SPEC REPOS:
  trunk:
    - Audiobus
    - AudioKit

SPEC CHECKSUMS:
  Audiobus: 83bb33ea2ed734779165a01c70091caf8143cf25
  AudioKit: ee388f0c9ad4e90b6106c14caaf809cd7ca220da

PODFILE CHECKSUM: d30735672b209b010aeee26f8d150be73c0d84a4

COCOAPODS: 1.8.4
